{
  "lockfileVersion": 1,
  "configVersion": 1,
  "workspaces": {
    "": {
      "name": "xlang",
      "devDependencies": {
        "@types/vscode": "^1.85.0",
        "bun-types": "^1.2.0",
      },
    },
  },
  "packages": {
    "@types/node": ["@types/node@26.0.0", "", { "dependencies": { "undici-types": "~8.3.0" } }, "sha512-vf2YFi1iY9lHGwNJMs01biZFbKJkrZR1T6/MlzjhJLPdntOHLhTrDSnSVcdtvjihi4VQNlrFRIxLsDBlQpAipA=="],

    "@types/vscode": ["@types/vscode@1.125.0", "", {}, "sha512-0icm/ZQAaism87P0ekHqi4/Ju9du+Tm0RUW+y7vqRsxY2cY0FNRX1nAnaW7nT6npPt2tfHiheZ55Zm9UhqonFA=="],

    "bun-types": ["bun-types@1.3.14", "", { "dependencies": { "@types/node": "*" } }, "sha512-4N0ig0fEomHt5R0KCFWjovxow98rIoRwKolrYdCcknNwMekCXRnWEUvgu5soYV8QXtVsrUD8B95MBOZGPvr6KQ=="],

    "undici-types": ["undici-types@8.3.0", "", {}, "sha512-j375ScV60dom+YkPFIfTLcOiPxkN/buHz5GobjLhixFuANaNs3C9l4GmrWqejgXWJ7BbJcFYpTEUkS1Ge8bpZQ=="],
  }
}
